// !$*UTF8*$!
{
	archiveVersion = 1;
	classes = {
	};
	objectVersion = 48;
	objects = {

/* Begin PBXBuildFile section */
		90774035201DE7E7009BFFD4 /* main.cpp in Sources */ = {isa = PBXBuildFile; fileRef = 90774034201DE7E7009BFFD4 /* main.cpp */; };
		9077403D201E5546009BFFD4 /* Iterative.cpp in Sources */ = {isa = PBXBuildFile; fileRef = 9077403B201E5546009BFFD4 /* Iterative.cpp */; };
		9079E09D203846060035D765 /* Operation.cpp in Sources */ = {isa = PBXBuildFile; fileRef = 9079E09B203846060035D765 /* Operation.cpp */; };
		9079E0A0203846810035D765 /* OperationQueue.cpp in Sources */ = {isa = PBXBuildFile; fileRef = 9079E09E203846810035D765 /* OperationQueue.cpp */; };
		9079E0A320398DF90035D765 /* TestOperation.cpp in Sources */ = {isa = PBXBuildFile; fileRef = 9079E0A120398DF90035D765 /* TestOperation.cpp */; };
		908AC483203A192A00867D9A /* OperationResource.cpp in Sources */ = {isa = PBXBuildFile; fileRef = 908AC481203A192A00867D9A /* OperationResource.cpp */; };
		90930704202C3CD600116785 /* DivideAndConquer.cpp in Sources */ = {isa = PBXBuildFile; fileRef = 90930702202C3CD600116785 /* DivideAndConquer.cpp */; };
		90AFED372035D55500AA5FB8 /* MatrixBase.cpp in Sources */ = {isa = PBXBuildFile; fileRef = 90AFED362035D55500AA5FB8 /* MatrixBase.cpp */; };
		90AFED392035D57600AA5FB8 /* Matrix.cpp in Sources */ = {isa = PBXBuildFile; fileRef = 90AFED382035D57600AA5FB8 /* Matrix.cpp */; };
		90AFED3B2035D69C00AA5FB8 /* SubMatrix.cpp in Sources */ = {isa = PBXBuildFile; fileRef = 90AFED3A2035D69C00AA5FB8 /* SubMatrix.cpp */; };
		90AFED3E2035E77B00AA5FB8 /* Multiplication.cpp in Sources */ = {isa = PBXBuildFile; fileRef = 90AFED3C2035E77B00AA5FB8 /* Multiplication.cpp */; };
/* End PBXBuildFile section */

/* Begin PBXCopyFilesBuildPhase section */
		9077402F201DE7E7009BFFD4 /* CopyFiles */ = {
			isa = PBXCopyFilesBuildPhase;
			buildActionMask = 2147483647;
			dstPath = /usr/share/man/man1/;
			dstSubfolderSpec = 0;
			files = (
			);
			runOnlyForDeploymentPostprocessing = 1;
		};
/* End PBXCopyFilesBuildPhase section */

/* Begin PBXFileReference section */
		90774031201DE7E7009BFFD4 /* PJC-matrix-multiplication */ = {isa = PBXFileReference; explicitFileType = "compiled.mach-o.executable"; includeInIndex = 0; path = "PJC-matrix-multiplication"; sourceTree = BUILT_PRODUCTS_DIR; };
		90774034201DE7E7009BFFD4 /* main.cpp */ = {isa = PBXFileReference; lastKnownFileType = sourcecode.cpp.cpp; path = main.cpp; sourceTree = "<group>"; };
		9077403B201E5546009BFFD4 /* Iterative.cpp */ = {isa = PBXFileReference; lastKnownFileType = sourcecode.cpp.cpp; path = Iterative.cpp; sourceTree = "<group>"; };
		9077403C201E5546009BFFD4 /* Iterative.hpp */ = {isa = PBXFileReference; lastKnownFileType = sourcecode.cpp.h; path = Iterative.hpp; sourceTree = "<group>"; };
		9077403E201E5A4C009BFFD4 /* MatrixResource.cpp */ = {isa = PBXFileReference; lastKnownFileType = sourcecode.cpp.cpp; path = MatrixResource.cpp; sourceTree = "<group>"; };
		9077403F201E5A4C009BFFD4 /* MatrixResource.hpp */ = {isa = PBXFileReference; lastKnownFileType = sourcecode.cpp.h; path = MatrixResource.hpp; sourceTree = "<group>"; };
		9079E09B203846060035D765 /* Operation.cpp */ = {isa = PBXFileReference; lastKnownFileType = sourcecode.cpp.cpp; path = Operation.cpp; sourceTree = "<group>"; };
		9079E09C203846060035D765 /* Operation.hpp */ = {isa = PBXFileReference; lastKnownFileType = sourcecode.cpp.h; path = Operation.hpp; sourceTree = "<group>"; };
		9079E09E203846810035D765 /* OperationQueue.cpp */ = {isa = PBXFileReference; lastKnownFileType = sourcecode.cpp.cpp; path = OperationQueue.cpp; sourceTree = "<group>"; };
		9079E09F203846810035D765 /* OperationQueue.hpp */ = {isa = PBXFileReference; lastKnownFileType = sourcecode.cpp.h; path = OperationQueue.hpp; sourceTree = "<group>"; };
		9079E0A120398DF90035D765 /* TestOperation.cpp */ = {isa = PBXFileReference; lastKnownFileType = sourcecode.cpp.cpp; path = TestOperation.cpp; sourceTree = "<group>"; };
		9079E0A220398DF90035D765 /* TestOperation.hpp */ = {isa = PBXFileReference; lastKnownFileType = sourcecode.cpp.h; path = TestOperation.hpp; sourceTree = "<group>"; };
		908AC481203A192A00867D9A /* OperationResource.cpp */ = {isa = PBXFileReference; lastKnownFileType = sourcecode.cpp.cpp; path = OperationResource.cpp; sourceTree = "<group>"; };
		908AC482203A192A00867D9A /* OperationResource.hpp */ = {isa = PBXFileReference; lastKnownFileType = sourcecode.cpp.h; path = OperationResource.hpp; sourceTree = "<group>"; };
		90930702202C3CD600116785 /* DivideAndConquer.cpp */ = {isa = PBXFileReference; lastKnownFileType = sourcecode.cpp.cpp; path = DivideAndConquer.cpp; sourceTree = "<group>"; };
		90930703202C3CD600116785 /* DivideAndConquer.hpp */ = {isa = PBXFileReference; lastKnownFileType = sourcecode.cpp.h; path = DivideAndConquer.hpp; sourceTree = "<group>"; };
		90AFED2B20357E7000AA5FB8 /* MatrixMultiplier.hpp */ = {isa = PBXFileReference; lastKnownFileType = sourcecode.cpp.h; path = MatrixMultiplier.hpp; sourceTree = "<group>"; };
		90AFED2E2035879400AA5FB8 /* SubMatrix.hpp */ = {isa = PBXFileReference; lastKnownFileType = sourcecode.cpp.h; path = SubMatrix.hpp; sourceTree = "<group>"; };
		90AFED31203587EA00AA5FB8 /* MatrixBase.hpp */ = {isa = PBXFileReference; lastKnownFileType = sourcecode.cpp.h; path = MatrixBase.hpp; sourceTree = "<group>"; };
		90AFED332035888300AA5FB8 /* ConstSubMatrix.cpp */ = {isa = PBXFileReference; lastKnownFileType = sourcecode.cpp.cpp; path = ConstSubMatrix.cpp; sourceTree = "<group>"; };
		90AFED342035888300AA5FB8 /* ConstSubMatrix.hpp */ = {isa = PBXFileReference; lastKnownFileType = sourcecode.cpp.h; path = ConstSubMatrix.hpp; sourceTree = "<group>"; };
		90AFED362035D55500AA5FB8 /* MatrixBase.cpp */ = {isa = PBXFileReference; lastKnownFileType = sourcecode.cpp.cpp; path = MatrixBase.cpp; sourceTree = "<group>"; };
		90AFED382035D57600AA5FB8 /* Matrix.cpp */ = {isa = PBXFileReference; lastKnownFileType = sourcecode.cpp.cpp; path = Matrix.cpp; sourceTree = "<group>"; };
		90AFED3A2035D69C00AA5FB8 /* SubMatrix.cpp */ = {isa = PBXFileReference; lastKnownFileType = sourcecode.cpp.cpp; path = SubMatrix.cpp; sourceTree = "<group>"; };
		90AFED3C2035E77B00AA5FB8 /* Multiplication.cpp */ = {isa = PBXFileReference; lastKnownFileType = sourcecode.cpp.cpp; path = Multiplication.cpp; sourceTree = "<group>"; };
		90AFED3D2035E77B00AA5FB8 /* Multiplication.hpp */ = {isa = PBXFileReference; lastKnownFileType = sourcecode.cpp.h; path = Multiplication.hpp; sourceTree = "<group>"; };
		90B5FF9420270CAC00777AEF /* Matrix.hpp */ = {isa = PBXFileReference; lastKnownFileType = sourcecode.cpp.h; path = Matrix.hpp; sourceTree = "<group>"; };
/* End PBXFileReference section */

/* Begin PBXFrameworksBuildPhase section */
		9077402E201DE7E7009BFFD4 /* Frameworks */ = {
			isa = PBXFrameworksBuildPhase;
			buildActionMask = 2147483647;
			files = (
			);
			runOnlyForDeploymentPostprocessing = 0;
		};
/* End PBXFrameworksBuildPhase section */

/* Begin PBXGroup section */
		90774028201DE7E7009BFFD4 = {
			isa = PBXGroup;
			children = (
				90774033201DE7E7009BFFD4 /* PJC-matrix-multiplication */,
				90774032201DE7E7009BFFD4 /* Products */,
			);
			sourceTree = "<group>";
		};
		90774032201DE7E7009BFFD4 /* Products */ = {
			isa = PBXGroup;
			children = (
				90774031201DE7E7009BFFD4 /* PJC-matrix-multiplication */,
			);
			name = Products;
			sourceTree = "<group>";
		};
		90774033201DE7E7009BFFD4 /* PJC-matrix-multiplication */ = {
			isa = PBXGroup;
			children = (
				90774034201DE7E7009BFFD4 /* main.cpp */,
				90B5FF9220270C9400777AEF /* Matrix */,
				9079E09A203845E80035D765 /* Operations */,
				90930701202C3CA300116785 /* Multipliers */,
				9077403F201E5A4C009BFFD4 /* MatrixResource.hpp */,
				9077403E201E5A4C009BFFD4 /* MatrixResource.cpp */,
			);
			path = "PJC-matrix-multiplication";
			sourceTree = "<group>";
		};
		9079E09A203845E80035D765 /* Operations */ = {
			isa = PBXGroup;
			children = (
				9079E09F203846810035D765 /* OperationQueue.hpp */,
				9079E09E203846810035D765 /* OperationQueue.cpp */,
				908AC482203A192A00867D9A /* OperationResource.hpp */,
				908AC481203A192A00867D9A /* OperationResource.cpp */,
				9079E09C203846060035D765 /* Operation.hpp */,
				9079E09B203846060035D765 /* Operation.cpp */,
				9079E0A220398DF90035D765 /* TestOperation.hpp */,
				9079E0A120398DF90035D765 /* TestOperation.cpp */,
			);
			path = Operations;
			sourceTree = "<group>";
		};
		90930701202C3CA300116785 /* Multipliers */ = {
			isa = PBXGroup;
			children = (
				90AFED3D2035E77B00AA5FB8 /* Multiplication.hpp */,
				90AFED3C2035E77B00AA5FB8 /* Multiplication.cpp */,
				90AFED2B20357E7000AA5FB8 /* MatrixMultiplier.hpp */,
				9077403C201E5546009BFFD4 /* Iterative.hpp */,
				9077403B201E5546009BFFD4 /* Iterative.cpp */,
				90930703202C3CD600116785 /* DivideAndConquer.hpp */,
				90930702202C3CD600116785 /* DivideAndConquer.cpp */,
			);
			path = Multipliers;
			sourceTree = "<group>";
		};
		90B5FF9220270C9400777AEF /* Matrix */ = {
			isa = PBXGroup;
			children = (
				90AFED31203587EA00AA5FB8 /* MatrixBase.hpp */,
				90AFED362035D55500AA5FB8 /* MatrixBase.cpp */,
				90B5FF9420270CAC00777AEF /* Matrix.hpp */,
				90AFED382035D57600AA5FB8 /* Matrix.cpp */,
				90AFED2E2035879400AA5FB8 /* SubMatrix.hpp */,
				90AFED3A2035D69C00AA5FB8 /* SubMatrix.cpp */,
				90AFED342035888300AA5FB8 /* ConstSubMatrix.hpp */,
				90AFED332035888300AA5FB8 /* ConstSubMatrix.cpp */,
			);
			path = Matrix;
			sourceTree = "<group>";
		};
/* End PBXGroup section */

/* Begin PBXNativeTarget section */
		90774030201DE7E7009BFFD4 /* PJC-matrix-multiplication */ = {
			isa = PBXNativeTarget;
			buildConfigurationList = 90774038201DE7E7009BFFD4 /* Build configuration list for PBXNativeTarget "PJC-matrix-multiplication" */;
			buildPhases = (
				9077402D201DE7E7009BFFD4 /* Sources */,
				9077402E201DE7E7009BFFD4 /* Frameworks */,
				9077402F201DE7E7009BFFD4 /* CopyFiles */,
			);
			buildRules = (
			);
			dependencies = (
			);
			name = "PJC-matrix-multiplication";
			productName = "PJC-matrix-multiplication";
			productReference = 90774031201DE7E7009BFFD4 /* PJC-matrix-multiplication */;
			productType = "com.apple.product-type.tool";
		};
/* End PBXNativeTarget section */

/* Begin PBXProject section */
		90774029201DE7E7009BFFD4 /* Project object */ = {
			isa = PBXProject;
			attributes = {
				LastUpgradeCheck = 0920;
				ORGANIZATIONNAME = "Michal Štembera";
				TargetAttributes = {
					90774030201DE7E7009BFFD4 = {
						CreatedOnToolsVersion = 9.2;
						ProvisioningStyle = Automatic;
					};
				};
			};
			buildConfigurationList = 9077402C201DE7E7009BFFD4 /* Build configuration list for PBXProject "PJC-matrix-multiplication" */;
			compatibilityVersion = "Xcode 8.0";
			developmentRegion = en;
			hasScannedForEncodings = 0;
			knownRegions = (
				en,
			);
			mainGroup = 90774028201DE7E7009BFFD4;
			productRefGroup = 90774032201DE7E7009BFFD4 /* Products */;
			projectDirPath = "";
			projectRoot = "";
			targets = (
				90774030201DE7E7009BFFD4 /* PJC-matrix-multiplication */,
			);
		};
/* End PBXProject section */

/* Begin PBXSourcesBuildPhase section */
		9077402D201DE7E7009BFFD4 /* Sources */ = {
			isa = PBXSourcesBuildPhase;
			buildActionMask = 2147483647;
			files = (
				90AFED392035D57600AA5FB8 /* Matrix.cpp in Sources */,
				9077403D201E5546009BFFD4 /* Iterative.cpp in Sources */,
				908AC483203A192A00867D9A /* OperationResource.cpp in Sources */,
				90AFED372035D55500AA5FB8 /* MatrixBase.cpp in Sources */,
				9079E09D203846060035D765 /* Operation.cpp in Sources */,
				90AFED3E2035E77B00AA5FB8 /* Multiplication.cpp in Sources */,
				90930704202C3CD600116785 /* DivideAndConquer.cpp in Sources */,
				90774035201DE7E7009BFFD4 /* main.cpp in Sources */,
				90AFED3B2035D69C00AA5FB8 /* SubMatrix.cpp in Sources */,
				9079E0A0203846810035D765 /* OperationQueue.cpp in Sources */,
				9079E0A320398DF90035D765 /* TestOperation.cpp in Sources */,
			);
			runOnlyForDeploymentPostprocessing = 0;
		};
/* End PBXSourcesBuildPhase section */

/* Begin XCBuildConfiguration section */
		90774036201DE7E7009BFFD4 /* Debug */ = {
			isa = XCBuildConfiguration;
			buildSettings = {
				ALWAYS_SEARCH_USER_PATHS = NO;
				CLANG_ANALYZER_NONNULL = YES;
				CLANG_ANALYZER_NUMBER_OBJECT_CONVERSION = YES_AGGRESSIVE;
				CLANG_CXX_LANGUAGE_STANDARD = "gnu++14";
				CLANG_CXX_LIBRARY = "libc++";
				CLANG_ENABLE_MODULES = YES;
				CLANG_ENABLE_OBJC_ARC = YES;
				CLANG_WARN_BLOCK_CAPTURE_AUTORELEASING = YES;
				CLANG_WARN_BOOL_CONVERSION = YES;
				CLANG_WARN_COMMA = YES;
				CLANG_WARN_CONSTANT_CONVERSION = YES;
				CLANG_WARN_DIRECT_OBJC_ISA_USAGE = YES_ERROR;
				CLANG_WARN_DOCUMENTATION_COMMENTS = YES;
				CLANG_WARN_EMPTY_BODY = YES;
				CLANG_WARN_ENUM_CONVERSION = YES;
				CLANG_WARN_INFINITE_RECURSION = YES;
				CLANG_WARN_INT_CONVERSION = YES;
				CLANG_WARN_NON_LITERAL_NULL_CONVERSION = YES;
				CLANG_WARN_OBJC_LITERAL_CONVERSION = YES;
				CLANG_WARN_OBJC_ROOT_CLASS = YES_ERROR;
				CLANG_WARN_RANGE_LOOP_ANALYSIS = YES;
				CLANG_WARN_STRICT_PROTOTYPES = YES;
				CLANG_WARN_SUSPICIOUS_MOVE = YES;
				CLANG_WARN_UNGUARDED_AVAILABILITY = YES_AGGRESSIVE;
				CLANG_WARN_UNREACHABLE_CODE = YES;
				CLANG_WARN__DUPLICATE_METHOD_MATCH = YES;
				CODE_SIGN_IDENTITY = "Mac Developer";
				COPY_PHASE_STRIP = NO;
				DEBUG_INFORMATION_FORMAT = dwarf;
				ENABLE_STRICT_OBJC_MSGSEND = YES;
				ENABLE_TESTABILITY = YES;
				GCC_C_LANGUAGE_STANDARD = gnu11;
				GCC_DYNAMIC_NO_PIC = NO;
				GCC_NO_COMMON_BLOCKS = YES;
				GCC_OPTIMIZATION_LEVEL = 0;
				GCC_PREPROCESSOR_DEFINITIONS = (
					"DEBUG=1",
					"$(inherited)",
				);
				GCC_WARN_64_TO_32_BIT_CONVERSION = YES;
				GCC_WARN_ABOUT_RETURN_TYPE = YES_ERROR;
				GCC_WARN_UNDECLARED_SELECTOR = YES;
				GCC_WARN_UNINITIALIZED_AUTOS = YES_AGGRESSIVE;
				GCC_WARN_UNUSED_FUNCTION = YES;
				GCC_WARN_UNUSED_VARIABLE = YES;
				MACOSX_DEPLOYMENT_TARGET = 10.12;
				MTL_ENABLE_DEBUG_INFO = YES;
				ONLY_ACTIVE_ARCH = YES;
				SDKROOT = macosx;
			};
			name = Debug;
		};
		90774037201DE7E7009BFFD4 /* Release */ = {
			isa = XCBuildConfiguration;
			buildSettings = {
				ALWAYS_SEARCH_USER_PATHS = NO;
				CLANG_ANALYZER_NONNULL = YES;
				CLANG_ANALYZER_NUMBER_OBJECT_CONVERSION = YES_AGGRESSIVE;
				CLANG_CXX_LANGUAGE_STANDARD = "gnu++14";
				CLANG_CXX_LIBRARY = "libc++";
				CLANG_ENABLE_MODULES = YES;
				CLANG_ENABLE_OBJC_ARC = YES;
				CLANG_WARN_BLOCK_CAPTURE_AUTORELEASING = YES;
				CLANG_WARN_BOOL_CONVERSION = YES;
				CLANG_WARN_COMMA = YES;
				CLANG_WARN_CONSTANT_CONVERSION = YES;
				CLANG_WARN_DIRECT_OBJC_ISA_USAGE = YES_ERROR;
				CLANG_WARN_DOCUMENTATION_COMMENTS = YES;
				CLANG_WARN_EMPTY_BODY = YES;
				CLANG_WARN_ENUM_CONVERSION = YES;
				CLANG_WARN_INFINITE_RECURSION = YES;
				CLANG_WARN_INT_CONVERSION = YES;
				CLANG_WARN_NON_LITERAL_NULL_CONVERSION = YES;
				CLANG_WARN_OBJC_LITERAL_CONVERSION = YES;
				CLANG_WARN_OBJC_ROOT_CLASS = YES_ERROR;
				CLANG_WARN_RANGE_LOOP_ANALYSIS = YES;
				CLANG_WARN_STRICT_PROTOTYPES = YES;
				CLANG_WARN_SUSPICIOUS_MOVE = YES;
				CLANG_WARN_UNGUARDED_AVAILABILITY = YES_AGGRESSIVE;
				CLANG_WARN_UNREACHABLE_CODE = YES;
				CLANG_WARN__DUPLICATE_METHOD_MATCH = YES;
				CODE_SIGN_IDENTITY = "Mac Developer";
				COPY_PHASE_STRIP = NO;
				DEBUG_INFORMATION_FORMAT = "dwarf-with-dsym";
				ENABLE_NS_ASSERTIONS = NO;
				ENABLE_STRICT_OBJC_MSGSEND = YES;
				GCC_C_LANGUAGE_STANDARD = gnu11;
				GCC_NO_COMMON_BLOCKS = YES;
				GCC_WARN_64_TO_32_BIT_CONVERSION = YES;
				GCC_WARN_ABOUT_RETURN_TYPE = YES_ERROR;
				GCC_WARN_UNDECLARED_SELECTOR = YES;
				GCC_WARN_UNINITIALIZED_AUTOS = YES_AGGRESSIVE;
				GCC_WARN_UNUSED_FUNCTION = YES;
				GCC_WARN_UNUSED_VARIABLE = YES;
				MACOSX_DEPLOYMENT_TARGET = 10.12;
				MTL_ENABLE_DEBUG_INFO = NO;
				SDKROOT = macosx;
			};
			name = Release;
		};
		90774039201DE7E7009BFFD4 /* Debug */ = {
			isa = XCBuildConfiguration;
			buildSettings = {
				CODE_SIGN_STYLE = Automatic;
				DEVELOPMENT_TEAM = 85G3K98R9J;
				PRODUCT_NAME = "$(TARGET_NAME)";
			};
			name = Debug;
		};
		9077403A201DE7E7009BFFD4 /* Release */ = {
			isa = XCBuildConfiguration;
			buildSettings = {
				CODE_SIGN_STYLE = Automatic;
				DEVELOPMENT_TEAM = 85G3K98R9J;
				PRODUCT_NAME = "$(TARGET_NAME)";
			};
			name = Release;
		};
/* End XCBuildConfiguration section */

/* Begin XCConfigurationList section */
		9077402C201DE7E7009BFFD4 /* Build configuration list for PBXProject "PJC-matrix-multiplication" */ = {
			isa = XCConfigurationList;
			buildConfigurations = (
				90774036201DE7E7009BFFD4 /* Debug */,
				90774037201DE7E7009BFFD4 /* Release */,
			);
			defaultConfigurationIsVisible = 0;
			defaultConfigurationName = Release;
		};
		90774038201DE7E7009BFFD4 /* Build configuration list for PBXNativeTarget "PJC-matrix-multiplication" */ = {
			isa = XCConfigurationList;
			buildConfigurations = (
				90774039201DE7E7009BFFD4 /* Debug */,
				9077403A201DE7E7009BFFD4 /* Release */,
			);
			defaultConfigurationIsVisible = 0;
			defaultConfigurationName = Release;
		};
/* End XCConfigurationList section */
	};
	rootObject = 90774029201DE7E7009BFFD4 /* Project object */;
}
